
Microsoft Visual Studio Solution File, Format Version 12.00
# Visual Studio 14
VisualStudioVersion = 14.0.25420.1
MinimumVisualStudioVersion = 10.0.40219.1
Project("{8BC9CEB8-8B4A-11D0-8D11-00A0C91BC942}") = "pt_lib", "pt_lib\pt_lib.vcxproj", "{EEF8CE39-F1CE-43EB-BC0C-0797D0B46A00}"
EndProject
Project("{8BC9CEB8-8B4A-11D0-8D11-00A0C91BC942}") = "pt_main", "pt_main\pt_main.vcxproj", "{48FA1938-D5ED-469A-97F3-BC465AEB70B8}"
EndProject
Global
	GlobalSection(SolutionConfigurationPlatforms) = preSolution
		Debug|x64 = Debug|x64
		Debug|x86 = Debug|x86
		Release|x64 = Release|x64
		Release|x86 = Release|x86
	EndGlobalSection
	GlobalSection(ProjectConfigurationPlatforms) = postSolution
		{EEF8CE39-F1CE-43EB-BC0C-0797D0B46A00}.Debug|x64.ActiveCfg = Debug|x64
		{EEF8CE39-F1CE-43EB-BC0C-0797D0B46A00}.Debug|x64.Build.0 = Debug|x64
		{EEF8CE39-F1CE-43EB-BC0C-0797D0B46A00}.Debug|x86.ActiveCfg = Debug|Win32
		{EEF8CE39-F1CE-43EB-BC0C-0797D0B46A00}.Debug|x86.Build.0 = Debug|Win32
		{EEF8CE39-F1CE-43EB-BC0C-0797D0B46A00}.Release|x64.ActiveCfg = Release|x64
		{EEF8CE39-F1CE-43EB-BC0C-0797D0B46A00}.Release|x64.Build.0 = Release|x64
		{EEF8CE39-F1CE-43EB-BC0C-0797D0B46A00}.Release|x86.ActiveCfg = Release|Win32
		{EEF8CE39-F1CE-43EB-BC0C-0797D0B46A00}.Release|x86.Build.0 = Release|Win32
		{48FA1938-D5ED-469A-97F3-BC465AEB70B8}.Debug|x64.ActiveCfg = Debug|x64
		{48FA1938-D5ED-469A-97F3-BC465AEB70B8}.Debug|x64.Build.0 = Debug|x64
		{48FA1938-D5ED-469A-97F3-BC465AEB70B8}.Debug|x86.ActiveCfg = Debug|Win32
		{48FA1938-D5ED-469A-97F3-BC465AEB70B8}.Debug|x86.Build.0 = Debug|Win32
		{48FA1938-D5ED-469A-97F3-BC465AEB70B8}.Release|x64.ActiveCfg = Release|x64
		{48FA1938-D5ED-469A-97F3-BC465AEB70B8}.Release|x64.Build.0 = Release|x64
		{48FA1938-D5ED-469A-97F3-BC465AEB70B8}.Release|x86.ActiveCfg = Release|Win32
		{48FA1938-D5ED-469A-97F3-BC465AEB70B8}.Release|x86.Build.0 = Release|Win32
	EndGlobalSection
	GlobalSection(SolutionProperties) = preSolution
		HideSolutionNode = FALSE
	EndGlobalSection
EndGlobal
